
Microsoft Visual Studio Solution File, Format Version 12.00
# Visual Studio Version 17
VisualStudioVersion = 17.0.31717.71
MinimumVisualStudioVersion = 10.0.40219.1
Project("{9A19103F-16F7-4668-BE54-9A1E7A4F7556}") = "Todos.Web", "Todos.Web.csproj", "{C6DEF10B-EBE4-4734-A257-DFDB104B4E4E}"
EndProject
Global
	GlobalSection(SolutionConfigurationPlatforms) = preSolution
		Debug|Any CPU = Debug|Any CPU
		Release|Any CPU = Release|Any CPU
	EndGlobalSection
	GlobalSection(ProjectConfigurationPlatforms) = postSolution
		{C6DEF10B-EBE4-4734-A257-DFDB104B4E4E}.Debug|Any CPU.ActiveCfg = Debug|Any CPU
		{C6DEF10B-EBE4-4734-A257-DFDB104B4E4E}.Debug|Any CPU.Build.0 = Debug|Any CPU
		{C6DEF10B-EBE4-4734-A257-DFDB104B4E4E}.Release|Any CPU.ActiveCfg = Release|Any CPU
		{C6DEF10B-EBE4-4734-A257-DFDB104B4E4E}.Release|Any CPU.Build.0 = Release|Any CPU
	EndGlobalSection
	GlobalSection(SolutionProperties) = preSolution
		HideSolutionNode = FALSE
	EndGlobalSection
	GlobalSection(ExtensibilityGlobals) = postSolution
		SolutionGuid = {33CCDB14-6FC9-4B11-BED0-EA113B5B569B}
	EndGlobalSection
EndGlobal